
Microsoft Visual Studio Solution File, Format Version 12.00
# Visual Studio Version 16
VisualStudioVersion = 16.0.32413.511
MinimumVisualStudioVersion = 10.0.40219.1
Project("{FAE04EC0-301F-11D3-BF4B-00C04F79EFBC}") = "Class-Method.", "..\Class-Method\Class-Method\Class-Method..csproj", "{A582729D-7279-495B-AC2F-3ECD83C1B850}"
EndProject
Global
	GlobalSection(SolutionConfigurationPlatforms) = preSolution
		Debug|Any CPU = Debug|Any CPU
		Release|Any CPU = Release|Any CPU
	EndGlobalSection
	GlobalSection(ProjectConfigurationPlatforms) = postSolution
		{A582729D-7279-495B-AC2F-3ECD83C1B850}.Debug|Any CPU.ActiveCfg = Debug|Any CPU
		{A582729D-7279-495B-AC2F-3ECD83C1B850}.Debug|Any CPU.Build.0 = Debug|Any CPU
		{A582729D-7279-495B-AC2F-3ECD83C1B850}.Release|Any CPU.ActiveCfg = Release|Any CPU
		{A582729D-7279-495B-AC2F-3ECD83C1B850}.Release|Any CPU.Build.0 = Release|Any CPU
	EndGlobalSection
	GlobalSection(SolutionProperties) = preSolution
		HideSolutionNode = FALSE
	EndGlobalSection
	GlobalSection(ExtensibilityGlobals) = postSolution
		SolutionGuid = {08D20A98-CB2A-4FFF-BE2F-46ADDDE8DF03}
	EndGlobalSection
EndGlobal
